
Microsoft Visual Studio Solution File, Format Version 12.00
# Visual Studio Version 17
VisualStudioVersion = 17.3.32929.385
MinimumVisualStudioVersion = 10.0.40219.1
Project("{FAE04EC0-301F-11D3-BF4B-00C04F79EFBC}") = "eTickets", "eTickets.csproj", "{FD720D03-81D7-4885-99BF-0F28E004D303}"
EndProject
Global
	GlobalSection(SolutionConfigurationPlatforms) = preSolution
		Debug|Any CPU = Debug|Any CPU
		Release|Any CPU = Release|Any CPU
	EndGlobalSection
	GlobalSection(ProjectConfigurationPlatforms) = postSolution
		{FD720D03-81D7-4885-99BF-0F28E004D303}.Debug|Any CPU.ActiveCfg = Debug|Any CPU
		{FD720D03-81D7-4885-99BF-0F28E004D303}.Debug|Any CPU.Build.0 = Debug|Any CPU
		{FD720D03-81D7-4885-99BF-0F28E004D303}.Release|Any CPU.ActiveCfg = Release|Any CPU
		{FD720D03-81D7-4885-99BF-0F28E004D303}.Release|Any CPU.Build.0 = Release|Any CPU
	EndGlobalSection
	GlobalSection(SolutionProperties) = preSolution
		HideSolutionNode = FALSE
	EndGlobalSection
	GlobalSection(ExtensibilityGlobals) = postSolution
		SolutionGuid = {3EC10372-82BF-45C3-9792-6D9FC7661D8E}
	EndGlobalSection
EndGlobal
